
Microsoft Visual Studio Solution File, Format Version 12.00
# Visual Studio Version 17
VisualStudioVersion = 17.13.36105.23 d17.13
MinimumVisualStudioVersion = 10.0.40219.1
Project("{FAE04EC0-301F-11D3-BF4B-00C04F79EFBC}") = "01.Box", "01.Box\01.Box.csproj", "{D253FFEC-1A6E-49DE-87E6-8DB3FB02CF55}"
EndProject
Project("{FAE04EC0-301F-11D3-BF4B-00C04F79EFBC}") = "02.ArrayCreator", "02.ArrayCreator\02.ArrayCreator.csproj", "{BD6A8649-32D1-4EA4-A62A-7ED01F645120}"
EndProject
Project("{FAE04EC0-301F-11D3-BF4B-00C04F79EFBC}") = "03.GenericScale", "03.GenericScale\03.GenericScale.csproj", "{5DBA1981-FC2B-4B78-9AA0-E0AD6D27F3CC}"
EndProject
Global
	GlobalSection(SolutionConfigurationPlatforms) = preSolution
		Debug|Any CPU = Debug|Any CPU
		Release|Any CPU = Release|Any CPU
	EndGlobalSection
	GlobalSection(ProjectConfigurationPlatforms) = postSolution
		{D253FFEC-1A6E-49DE-87E6-8DB3FB02CF55}.Debug|Any CPU.ActiveCfg = Debug|Any CPU
		{D253FFEC-1A6E-49DE-87E6-8DB3FB02CF55}.Debug|Any CPU.Build.0 = Debug|Any CPU
		{D253FFEC-1A6E-49DE-87E6-8DB3FB02CF55}.Release|Any CPU.ActiveCfg = Release|Any CPU
		{D253FFEC-1A6E-49DE-87E6-8DB3FB02CF55}.Release|Any CPU.Build.0 = Release|Any CPU
		{BD6A8649-32D1-4EA4-A62A-7ED01F645120}.Debug|Any CPU.ActiveCfg = Debug|Any CPU
		{BD6A8649-32D1-4EA4-A62A-7ED01F645120}.Debug|Any CPU.Build.0 = Debug|Any CPU
		{BD6A8649-32D1-4EA4-A62A-7ED01F645120}.Release|Any CPU.ActiveCfg = Release|Any CPU
		{BD6A8649-32D1-4EA4-A62A-7ED01F645120}.Release|Any CPU.Build.0 = Release|Any CPU
		{5DBA1981-FC2B-4B78-9AA0-E0AD6D27F3CC}.Debug|Any CPU.ActiveCfg = Debug|Any CPU
		{5DBA1981-FC2B-4B78-9AA0-E0AD6D27F3CC}.Debug|Any CPU.Build.0 = Debug|Any CPU
		{5DBA1981-FC2B-4B78-9AA0-E0AD6D27F3CC}.Release|Any CPU.ActiveCfg = Release|Any CPU
		{5DBA1981-FC2B-4B78-9AA0-E0AD6D27F3CC}.Release|Any CPU.Build.0 = Release|Any CPU
	EndGlobalSection
	GlobalSection(SolutionProperties) = preSolution
		HideSolutionNode = FALSE
	EndGlobalSection
	GlobalSection(ExtensibilityGlobals) = postSolution
		SolutionGuid = {77B31478-39EF-4308-AE30-80AA771AB1EF}
	EndGlobalSection
EndGlobal
