
Microsoft Visual Studio Solution File, Format Version 12.00
# Visual Studio Version 17
VisualStudioVersion = 17.12.35527.113 d17.12
MinimumVisualStudioVersion = 10.0.40219.1
Project("{FAE04EC0-301F-11D3-BF4B-00C04F79EFBC}") = "01.Encrypt,SortAndPrintArray", "01.Encrypt,SortAndPrintArray\01.Encrypt,SortAndPrintArray.csproj", "{AC79726E-8508-4B6A-A0CC-3D7ECD72A3DF}"
EndProject
Project("{FAE04EC0-301F-11D3-BF4B-00C04F79EFBC}") = "02.PascalTriangle", "02.PascalTriangle\02.PascalTriangle.csproj", "{17986BED-C9C0-4665-A936-EAF82008BBB9}"
EndProject
Project("{FAE04EC0-301F-11D3-BF4B-00C04F79EFBC}") = "03.RecursiveFibonacci", "03.RecursiveFibonacci\03.RecursiveFibonacci.csproj", "{5325AE55-EBED-4888-B426-EB2046691FE4}"
EndProject
Project("{FAE04EC0-301F-11D3-BF4B-00C04F79EFBC}") = "04.FoldAndSum", "04.FoldAndSum\04.FoldAndSum.csproj", "{1C586F63-B024-4872-9853-BC5F634223A7}"
EndProject
Project("{FAE04EC0-301F-11D3-BF4B-00C04F79EFBC}") = "05.LongestIncreasingSubsequence", "05.LongestIncreasingSubsequence\05.LongestIncreasingSubsequence.csproj", "{00D7FFC4-AECB-4CB2-8519-58F8DB68AC17}"
EndProject
Global
	GlobalSection(SolutionConfigurationPlatforms) = preSolution
		Debug|Any CPU = Debug|Any CPU
		Release|Any CPU = Release|Any CPU
	EndGlobalSection
	GlobalSection(ProjectConfigurationPlatforms) = postSolution
		{AC79726E-8508-4B6A-A0CC-3D7ECD72A3DF}.Debug|Any CPU.ActiveCfg = Debug|Any CPU
		{AC79726E-8508-4B6A-A0CC-3D7ECD72A3DF}.Debug|Any CPU.Build.0 = Debug|Any CPU
		{AC79726E-8508-4B6A-A0CC-3D7ECD72A3DF}.Release|Any CPU.ActiveCfg = Release|Any CPU
		{AC79726E-8508-4B6A-A0CC-3D7ECD72A3DF}.Release|Any CPU.Build.0 = Release|Any CPU
		{17986BED-C9C0-4665-A936-EAF82008BBB9}.Debug|Any CPU.ActiveCfg = Debug|Any CPU
		{17986BED-C9C0-4665-A936-EAF82008BBB9}.Debug|Any CPU.Build.0 = Debug|Any CPU
		{17986BED-C9C0-4665-A936-EAF82008BBB9}.Release|Any CPU.ActiveCfg = Release|Any CPU
		{17986BED-C9C0-4665-A936-EAF82008BBB9}.Release|Any CPU.Build.0 = Release|Any CPU
		{5325AE55-EBED-4888-B426-EB2046691FE4}.Debug|Any CPU.ActiveCfg = Debug|Any CPU
		{5325AE55-EBED-4888-B426-EB2046691FE4}.Debug|Any CPU.Build.0 = Debug|Any CPU
		{5325AE55-EBED-4888-B426-EB2046691FE4}.Release|Any CPU.ActiveCfg = Release|Any CPU
		{5325AE55-EBED-4888-B426-EB2046691FE4}.Release|Any CPU.Build.0 = Release|Any CPU
		{1C586F63-B024-4872-9853-BC5F634223A7}.Debug|Any CPU.ActiveCfg = Debug|Any CPU
		{1C586F63-B024-4872-9853-BC5F634223A7}.Debug|Any CPU.Build.0 = Debug|Any CPU
		{1C586F63-B024-4872-9853-BC5F634223A7}.Release|Any CPU.ActiveCfg = Release|Any CPU
		{1C586F63-B024-4872-9853-BC5F634223A7}.Release|Any CPU.Build.0 = Release|Any CPU
		{00D7FFC4-AECB-4CB2-8519-58F8DB68AC17}.Debug|Any CPU.ActiveCfg = Debug|Any CPU
		{00D7FFC4-AECB-4CB2-8519-58F8DB68AC17}.Debug|Any CPU.Build.0 = Debug|Any CPU
		{00D7FFC4-AECB-4CB2-8519-58F8DB68AC17}.Release|Any CPU.ActiveCfg = Release|Any CPU
		{00D7FFC4-AECB-4CB2-8519-58F8DB68AC17}.Release|Any CPU.Build.0 = Release|Any CPU
	EndGlobalSection
	GlobalSection(SolutionProperties) = preSolution
		HideSolutionNode = FALSE
	EndGlobalSection
EndGlobal
