
Microsoft Visual Studio Solution File, Format Version 12.00
# Visual Studio Version 17
VisualStudioVersion = 17.12.35527.113 d17.12
MinimumVisualStudioVersion = 10.0.40219.1
Project("{FAE04EC0-301F-11D3-BF4B-00C04F79EFBC}") = "01.Train", "01.Train\01.Train.csproj", "{01D42621-7ADD-485C-AFBB-C1BB6FFC53A3}"
EndProject
Project("{FAE04EC0-301F-11D3-BF4B-00C04F79EFBC}") = "02.ChangeList", "02.ChangeList\02.ChangeList.csproj", "{72CBF5A3-A80D-47B8-827C-A34795004C45}"
EndProject
Project("{FAE04EC0-301F-11D3-BF4B-00C04F79EFBC}") = "03.HouseParty", "03.HouseParty\03.HouseParty.csproj", "{33933FF1-F5A1-4D92-A68A-A06109118B0F}"
EndProject
Project("{FAE04EC0-301F-11D3-BF4B-00C04F79EFBC}") = "04.ListOperations", "04.ListOperations\04.ListOperations.csproj", "{5C0E6DE6-3910-457C-910D-49D4657AF267}"
EndProject
Project("{FAE04EC0-301F-11D3-BF4B-00C04F79EFBC}") = "05.BombNumbers", "05.BombNumbers\05.BombNumbers.csproj", "{6ADC38C9-3FA0-4A8F-A3B0-A5A955D8FCDB}"
EndProject
Project("{FAE04EC0-301F-11D3-BF4B-00C04F79EFBC}") = "06.CardsGame", "06.CardsGame\06.CardsGame.csproj", "{E81868E4-C60C-433E-813C-9C736530D167}"
EndProject
Project("{FAE04EC0-301F-11D3-BF4B-00C04F79EFBC}") = "07.AppendArrays", "07.AppendArrays\07.AppendArrays.csproj", "{AD5C05A9-3674-40D2-8636-063EFBC1C1BD}"
EndProject
Project("{FAE04EC0-301F-11D3-BF4B-00C04F79EFBC}") = "08.AnonymousThreat", "08.AnonymousThreat\08.AnonymousThreat.csproj", "{4942A405-7BC4-4C90-A177-1A3FB885DF4B}"
EndProject
Project("{FAE04EC0-301F-11D3-BF4B-00C04F79EFBC}") = "09.PokemonDon'tGo", "09.PokemonDon'tGo\09.PokemonDon'tGo.csproj", "{159E5B8E-8756-4BD6-8878-3D7AE8CAB85A}"
EndProject
Project("{FAE04EC0-301F-11D3-BF4B-00C04F79EFBC}") = "10.SoftUniCoursePlanning", "10.SoftUniCoursePlanning\10.SoftUniCoursePlanning.csproj", "{25EAD040-28FC-445B-8C6C-4214D9B8A916}"
EndProject
Global
	GlobalSection(SolutionConfigurationPlatforms) = preSolution
		Debug|Any CPU = Debug|Any CPU
		Release|Any CPU = Release|Any CPU
	EndGlobalSection
	GlobalSection(ProjectConfigurationPlatforms) = postSolution
		{01D42621-7ADD-485C-AFBB-C1BB6FFC53A3}.Debug|Any CPU.ActiveCfg = Debug|Any CPU
		{01D42621-7ADD-485C-AFBB-C1BB6FFC53A3}.Debug|Any CPU.Build.0 = Debug|Any CPU
		{01D42621-7ADD-485C-AFBB-C1BB6FFC53A3}.Release|Any CPU.ActiveCfg = Release|Any CPU
		{01D42621-7ADD-485C-AFBB-C1BB6FFC53A3}.Release|Any CPU.Build.0 = Release|Any CPU
		{72CBF5A3-A80D-47B8-827C-A34795004C45}.Debug|Any CPU.ActiveCfg = Debug|Any CPU
		{72CBF5A3-A80D-47B8-827C-A34795004C45}.Debug|Any CPU.Build.0 = Debug|Any CPU
		{72CBF5A3-A80D-47B8-827C-A34795004C45}.Release|Any CPU.ActiveCfg = Release|Any CPU
		{72CBF5A3-A80D-47B8-827C-A34795004C45}.Release|Any CPU.Build.0 = Release|Any CPU
		{33933FF1-F5A1-4D92-A68A-A06109118B0F}.Debug|Any CPU.ActiveCfg = Debug|Any CPU
		{33933FF1-F5A1-4D92-A68A-A06109118B0F}.Debug|Any CPU.Build.0 = Debug|Any CPU
		{33933FF1-F5A1-4D92-A68A-A06109118B0F}.Release|Any CPU.ActiveCfg = Release|Any CPU
		{33933FF1-F5A1-4D92-A68A-A06109118B0F}.Release|Any CPU.Build.0 = Release|Any CPU
		{5C0E6DE6-3910-457C-910D-49D4657AF267}.Debug|Any CPU.ActiveCfg = Debug|Any CPU
		{5C0E6DE6-3910-457C-910D-49D4657AF267}.Debug|Any CPU.Build.0 = Debug|Any CPU
		{5C0E6DE6-3910-457C-910D-49D4657AF267}.Release|Any CPU.ActiveCfg = Release|Any CPU
		{5C0E6DE6-3910-457C-910D-49D4657AF267}.Release|Any CPU.Build.0 = Release|Any CPU
		{6ADC38C9-3FA0-4A8F-A3B0-A5A955D8FCDB}.Debug|Any CPU.ActiveCfg = Debug|Any CPU
		{6ADC38C9-3FA0-4A8F-A3B0-A5A955D8FCDB}.Debug|Any CPU.Build.0 = Debug|Any CPU
		{6ADC38C9-3FA0-4A8F-A3B0-A5A955D8FCDB}.Release|Any CPU.ActiveCfg = Release|Any CPU
		{6ADC38C9-3FA0-4A8F-A3B0-A5A955D8FCDB}.Release|Any CPU.Build.0 = Release|Any CPU
		{E81868E4-C60C-433E-813C-9C736530D167}.Debug|Any CPU.ActiveCfg = Debug|Any CPU
		{E81868E4-C60C-433E-813C-9C736530D167}.Debug|Any CPU.Build.0 = Debug|Any CPU
		{E81868E4-C60C-433E-813C-9C736530D167}.Release|Any CPU.ActiveCfg = Release|Any CPU
		{E81868E4-C60C-433E-813C-9C736530D167}.Release|Any CPU.Build.0 = Release|Any CPU
		{AD5C05A9-3674-40D2-8636-063EFBC1C1BD}.Debug|Any CPU.ActiveCfg = Debug|Any CPU
		{AD5C05A9-3674-40D2-8636-063EFBC1C1BD}.Debug|Any CPU.Build.0 = Debug|Any CPU
		{AD5C05A9-3674-40D2-8636-063EFBC1C1BD}.Release|Any CPU.ActiveCfg = Release|Any CPU
		{AD5C05A9-3674-40D2-8636-063EFBC1C1BD}.Release|Any CPU.Build.0 = Release|Any CPU
		{4942A405-7BC4-4C90-A177-1A3FB885DF4B}.Debug|Any CPU.ActiveCfg = Debug|Any CPU
		{4942A405-7BC4-4C90-A177-1A3FB885DF4B}.Debug|Any CPU.Build.0 = Debug|Any CPU
		{4942A405-7BC4-4C90-A177-1A3FB885DF4B}.Release|Any CPU.ActiveCfg = Release|Any CPU
		{4942A405-7BC4-4C90-A177-1A3FB885DF4B}.Release|Any CPU.Build.0 = Release|Any CPU
		{159E5B8E-8756-4BD6-8878-3D7AE8CAB85A}.Debug|Any CPU.ActiveCfg = Debug|Any CPU
		{159E5B8E-8756-4BD6-8878-3D7AE8CAB85A}.Debug|Any CPU.Build.0 = Debug|Any CPU
		{159E5B8E-8756-4BD6-8878-3D7AE8CAB85A}.Release|Any CPU.ActiveCfg = Release|Any CPU
		{159E5B8E-8756-4BD6-8878-3D7AE8CAB85A}.Release|Any CPU.Build.0 = Release|Any CPU
		{25EAD040-28FC-445B-8C6C-4214D9B8A916}.Debug|Any CPU.ActiveCfg = Debug|Any CPU
		{25EAD040-28FC-445B-8C6C-4214D9B8A916}.Debug|Any CPU.Build.0 = Debug|Any CPU
		{25EAD040-28FC-445B-8C6C-4214D9B8A916}.Release|Any CPU.ActiveCfg = Release|Any CPU
		{25EAD040-28FC-445B-8C6C-4214D9B8A916}.Release|Any CPU.Build.0 = Release|Any CPU
	EndGlobalSection
	GlobalSection(SolutionProperties) = preSolution
		HideSolutionNode = FALSE
	EndGlobalSection
EndGlobal
